{
  "name": "robots",
  "version": "1.0.0",
  "lockfileVersion": 3,
  "requires": true,
  "packages": {
    "": {
      "name": "robots",
      "version": "1.0.0",
      "license": "ISC",
      "dependencies": {
        "@nillion/nillion-client-js-browser": "^0.2.1"
      }
    },
    "node_modules/@nillion/nillion-client-js-browser": {
      "version": "0.2.1",
      "resolved": "https://registry.npmjs.org/@nillion/nillion-client-js-browser/-/nillion-client-js-browser-0.2.1.tgz",
      "integrity": "sha512-r5zfl9wKrgFG2FZgX7RY3QFwIl9Kf1clIPB9jA/P2sOwv1hyg7emJlTCRrpDR5BSVe7AZX3TUO51k5BLvC//vg==",
      "license": "Apache-2.0"
    }
  }
}
